// !$*UTF8*$!
{
	archiveVersion = 1;
	classes = {
	};
	objectVersion = 48;
	objects = {

/* Begin PBXBuildFile section */
		2C7E6F752E4950FE507E92C9 /* Pods_TomChat.framework in Frameworks */ = {isa = PBXBuildFile; fileRef = 18A058824356416F742C025B /* Pods_TomChat.framework */; };
		52AAF3BC1F98854500172C27 /* AppDelegate.swift in Sources */ = {isa = PBXBuildFile; fileRef = 52AAF3BB1F98854500172C27 /* AppDelegate.swift */; };
		52AAF3BE1F98854500172C27 /* ViewController.swift in Sources */ = {isa = PBXBuildFile; fileRef = 52AAF3BD1F98854500172C27 /* ViewController.swift */; };
		52AAF3C01F98854500172C27 /* Assets.xcassets in Resources */ = {isa = PBXBuildFile; fileRef = 52AAF3BF1F98854500172C27 /* Assets.xcassets */; };
		52AAF3C31F98854500172C27 /* Main.storyboard in Resources */ = {isa = PBXBuildFile; fileRef = 52AAF3C11F98854500172C27 /* Main.storyboard */; };
		52AAF3CC1F98863800172C27 /* GoogleService-Info.plist in Resources */ = {isa = PBXBuildFile; fileRef = 52AAF3CB1F98863800172C27 /* GoogleService-Info.plist */; };
/* End PBXBuildFile section */

/* Begin PBXFileReference section */
		18A058824356416F742C025B /* Pods_TomChat.framework */ = {isa = PBXFileReference; explicitFileType = wrapper.framework; includeInIndex = 0; path = Pods_TomChat.framework; sourceTree = BUILT_PRODUCTS_DIR; };
		52AAF3B81F98854500172C27 /* TomChat.app */ = {isa = PBXFileReference; explicitFileType = wrapper.application; includeInIndex = 0; path = TomChat.app; sourceTree = BUILT_PRODUCTS_DIR; };
		52AAF3BB1F98854500172C27 /* AppDelegate.swift */ = {isa = PBXFileReference; lastKnownFileType = sourcecode.swift; path = AppDelegate.swift; sourceTree = "<group>"; };
		52AAF3BD1F98854500172C27 /* ViewController.swift */ = {isa = PBXFileReference; lastKnownFileType = sourcecode.swift; path = ViewController.swift; sourceTree = "<group>"; };
		52AAF3BF1F98854500172C27 /* Assets.xcassets */ = {isa = PBXFileReference; lastKnownFileType = folder.assetcatalog; path = Assets.xcassets; sourceTree = "<group>"; };
		52AAF3C21F98854500172C27 /* Base */ = {isa = PBXFileReference; lastKnownFileType = file.storyboard; name = Base; path = Base.lproj/Main.storyboard; sourceTree = "<group>"; };
		52AAF3C41F98854500172C27 /* Info.plist */ = {isa = PBXFileReference; lastKnownFileType = text.plist.xml; path = Info.plist; sourceTree = "<group>"; };
		52AAF3C51F98854500172C27 /* TomChat.entitlements */ = {isa = PBXFileReference; lastKnownFileType = text.plist.entitlements; path = TomChat.entitlements; sourceTree = "<group>"; };
		52AAF3CB1F98863800172C27 /* GoogleService-Info.plist */ = {isa = PBXFileReference; fileEncoding = 4; lastKnownFileType = text.plist.xml; path = "GoogleService-Info.plist"; sourceTree = "<group>"; };
		D023F7EC4BFD9F04584E0729 /* Pods-TomChat.release.xcconfig */ = {isa = PBXFileReference; includeInIndex = 1; lastKnownFileType = text.xcconfig; name = "Pods-TomChat.release.xcconfig"; path = "Pods/Target Support Files/Pods-TomChat/Pods-TomChat.release.xcconfig"; sourceTree = "<group>"; };
		D892FF3ED03BE64E041B740B /* Pods-TomChat.debug.xcconfig */ = {isa = PBXFileReference; includeInIndex = 1; lastKnownFileType = text.xcconfig; name = "Pods-TomChat.debug.xcconfig"; path = "Pods/Target Support Files/Pods-TomChat/Pods-TomChat.debug.xcconfig"; sourceTree = "<group>"; };
/* End PBXFileReference section */

/* Begin PBXFrameworksBuildPhase section */
		52AAF3B51F98854500172C27 /* Frameworks */ = {
			isa = PBXFrameworksBuildPhase;
			buildActionMask = 2147483647;
			files = (
				2C7E6F752E4950FE507E92C9 /* Pods_TomChat.framework in Frameworks */,
			);
			runOnlyForDeploymentPostprocessing = 0;
		};
/* End PBXFrameworksBuildPhase section */

/* Begin PBXGroup section */
		1FD52FD622D82C0D323812D8 /* Frameworks */ = {
			isa = PBXGroup;
			children = (
				18A058824356416F742C025B /* Pods_TomChat.framework */,
			);
			name = Frameworks;
			sourceTree = "<group>";
		};
		52AAF3AF1F98854500172C27 = {
			isa = PBXGroup;
			children = (
				52AAF3BA1F98854500172C27 /* TomChat */,
				52AAF3B91F98854500172C27 /* Products */,
				8D0798058FBEB170E1C3C86B /* Pods */,
				1FD52FD622D82C0D323812D8 /* Frameworks */,
			);
			sourceTree = "<group>";
		};
		52AAF3B91F98854500172C27 /* Products */ = {
			isa = PBXGroup;
			children = (
				52AAF3B81F98854500172C27 /* TomChat.app */,
			);
			name = Products;
			sourceTree = "<group>";
		};
		52AAF3BA1F98854500172C27 /* TomChat */ = {
			isa = PBXGroup;
			children = (
				52AAF3BB1F98854500172C27 /* AppDelegate.swift */,
				52AAF3BD1F98854500172C27 /* ViewController.swift */,
				52AAF3BF1F98854500172C27 /* Assets.xcassets */,
				52AAF3C11F98854500172C27 /* Main.storyboard */,
				52AAF3C41F98854500172C27 /* Info.plist */,
				52AAF3CB1F98863800172C27 /* GoogleService-Info.plist */,
				52AAF3C51F98854500172C27 /* TomChat.entitlements */,
			);
			path = TomChat;
			sourceTree = "<group>";
		};
		8D0798058FBEB170E1C3C86B /* Pods */ = {
			isa = PBXGroup;
			children = (
				D892FF3ED03BE64E041B740B /* Pods-TomChat.debug.xcconfig */,
				D023F7EC4BFD9F04584E0729 /* Pods-TomChat.release.xcconfig */,
			);
			name = Pods;
			sourceTree = "<group>";
		};
/* End PBXGroup section */

/* Begin PBXNativeTarget section */
		52AAF3B71F98854500172C27 /* TomChat */ = {
			isa = PBXNativeTarget;
			buildConfigurationList = 52AAF3C81F98854500172C27 /* Build configuration list for PBXNativeTarget "TomChat" */;
			buildPhases = (
				9F8B33172BF0A34AECBF0474 /* [CP] Check Pods Manifest.lock */,
				52AAF3B41F98854500172C27 /* Sources */,
				52AAF3B51F98854500172C27 /* Frameworks */,
				52AAF3B61F98854500172C27 /* Resources */,
				ECFD62F0C5F7FD3CA1A4D9FE /* [CP] Embed Pods Frameworks */,
				74B6610EF00ACC60F41620C7 /* [CP] Copy Pods Resources */,
			);
			buildRules = (
			);
			dependencies = (
			);
			name = TomChat;
			productName = TomChat;
			productReference = 52AAF3B81F98854500172C27 /* TomChat.app */;
			productType = "com.apple.product-type.application";
		};
/* End PBXNativeTarget section */

/* Begin PBXProject section */
		52AAF3B01F98854500172C27 /* Project object */ = {
			isa = PBXProject;
			attributes = {
				LastSwiftUpdateCheck = 0900;
				LastUpgradeCheck = 0900;
				ORGANIZATIONNAME = "Silicon Spectra";
				TargetAttributes = {
					52AAF3B71F98854500172C27 = {
						CreatedOnToolsVersion = 9.0.1;
						ProvisioningStyle = Automatic;
					};
				};
			};
			buildConfigurationList = 52AAF3B31F98854500172C27 /* Build configuration list for PBXProject "TomChat" */;
			compatibilityVersion = "Xcode 8.0";
			developmentRegion = en;
			hasScannedForEncodings = 0;
			knownRegions = (
				en,
				Base,
			);
			mainGroup = 52AAF3AF1F98854500172C27;
			productRefGroup = 52AAF3B91F98854500172C27 /* Products */;
			projectDirPath = "";
			projectRoot = "";
			targets = (
				52AAF3B71F98854500172C27 /* TomChat */,
			);
		};
/* End PBXProject section */

/* Begin PBXResourcesBuildPhase section */
		52AAF3B61F98854500172C27 /* Resources */ = {
			isa = PBXResourcesBuildPhase;
			buildActionMask = 2147483647;
			files = (
				52AAF3C01F98854500172C27 /* Assets.xcassets in Resources */,
				52AAF3C31F98854500172C27 /* Main.storyboard in Resources */,
				52AAF3CC1F98863800172C27 /* GoogleService-Info.plist in Resources */,
			);
			runOnlyForDeploymentPostprocessing = 0;
		};
/* End PBXResourcesBuildPhase section */

/* Begin PBXShellScriptBuildPhase section */
		74B6610EF00ACC60F41620C7 /* [CP] Copy Pods Resources */ = {
			isa = PBXShellScriptBuildPhase;
			buildActionMask = 2147483647;
			files = (
			);
			inputPaths = (
			);
			name = "[CP] Copy Pods Resources";
			outputPaths = (
			);
			runOnlyForDeploymentPostprocessing = 0;
			shellPath = /bin/sh;
			shellScript = "\"${SRCROOT}/Pods/Target Support Files/Pods-TomChat/Pods-TomChat-resources.sh\"\n";
			showEnvVarsInLog = 0;
		};
		9F8B33172BF0A34AECBF0474 /* [CP] Check Pods Manifest.lock */ = {
			isa = PBXShellScriptBuildPhase;
			buildActionMask = 2147483647;
			files = (
			);
			inputPaths = (
				"${PODS_PODFILE_DIR_PATH}/Podfile.lock",
				"${PODS_ROOT}/Manifest.lock",
			);
			name = "[CP] Check Pods Manifest.lock";
			outputPaths = (
				"$(DERIVED_FILE_DIR)/Pods-TomChat-checkManifestLockResult.txt",
			);
			runOnlyForDeploymentPostprocessing = 0;
			shellPath = /bin/sh;
			shellScript = "diff \"${PODS_PODFILE_DIR_PATH}/Podfile.lock\" \"${PODS_ROOT}/Manifest.lock\" > /dev/null\nif [ $? != 0 ] ; then\n    # print error to STDERR\n    echo \"error: The sandbox is not in sync with the Podfile.lock. Run 'pod install' or update your CocoaPods installation.\" >&2\n    exit 1\nfi\n# This output is used by Xcode 'outputs' to avoid re-running this script phase.\necho \"SUCCESS\" > \"${SCRIPT_OUTPUT_FILE_0}\"\n";
			showEnvVarsInLog = 0;
		};
		ECFD62F0C5F7FD3CA1A4D9FE /* [CP] Embed Pods Frameworks */ = {
			isa = PBXShellScriptBuildPhase;
			buildActionMask = 2147483647;
			files = (
			);
			inputPaths = (
				"${SRCROOT}/Pods/Target Support Files/Pods-TomChat/Pods-TomChat-frameworks.sh",
				"${BUILT_PRODUCTS_DIR}/GoogleToolboxForMac/GoogleToolboxForMac.framework",
				"${BUILT_PRODUCTS_DIR}/leveldb-library/leveldb.framework",
				"${BUILT_PRODUCTS_DIR}/nanopb/nanopb.framework",
			);
			name = "[CP] Embed Pods Frameworks";
			outputPaths = (
				"${TARGET_BUILD_DIR}/${FRAMEWORKS_FOLDER_PATH}/GoogleToolboxForMac.framework",
				"${TARGET_BUILD_DIR}/${FRAMEWORKS_FOLDER_PATH}/leveldb.framework",
				"${TARGET_BUILD_DIR}/${FRAMEWORKS_FOLDER_PATH}/nanopb.framework",
			);
			runOnlyForDeploymentPostprocessing = 0;
			shellPath = /bin/sh;
			shellScript = "\"${SRCROOT}/Pods/Target Support Files/Pods-TomChat/Pods-TomChat-frameworks.sh\"\n";
			showEnvVarsInLog = 0;
		};
/* End PBXShellScriptBuildPhase section */

/* Begin PBXSourcesBuildPhase section */
		52AAF3B41F98854500172C27 /* Sources */ = {
			isa = PBXSourcesBuildPhase;
			buildActionMask = 2147483647;
			files = (
				52AAF3BE1F98854500172C27 /* ViewController.swift in Sources */,
				52AAF3BC1F98854500172C27 /* AppDelegate.swift in Sources */,
			);
			runOnlyForDeploymentPostprocessing = 0;
		};
/* End PBXSourcesBuildPhase section */

/* Begin PBXVariantGroup section */
		52AAF3C11F98854500172C27 /* Main.storyboard */ = {
			isa = PBXVariantGroup;
			children = (
				52AAF3C21F98854500172C27 /* Base */,
			);
			name = Main.storyboard;
			sourceTree = "<group>";
		};
/* End PBXVariantGroup section */

/* Begin XCBuildConfiguration section */
		52AAF3C61F98854500172C27 /* Debug */ = {
			isa = XCBuildConfiguration;
			buildSettings = {
				ALWAYS_SEARCH_USER_PATHS = NO;
				CLANG_ANALYZER_NONNULL = YES;
				CLANG_ANALYZER_NUMBER_OBJECT_CONVERSION = YES_AGGRESSIVE;
				CLANG_CXX_LANGUAGE_STANDARD = "gnu++14";
				CLANG_CXX_LIBRARY = "libc++";
				CLANG_ENABLE_MODULES = YES;
				CLANG_ENABLE_OBJC_ARC = YES;
				CLANG_WARN_BLOCK_CAPTURE_AUTORELEASING = YES;
				CLANG_WARN_BOOL_CONVERSION = YES;
				CLANG_WARN_COMMA = YES;
				CLANG_WARN_CONSTANT_CONVERSION = YES;
				CLANG_WARN_DIRECT_OBJC_ISA_USAGE = YES_ERROR;
				CLANG_WARN_DOCUMENTATION_COMMENTS = YES;
				CLANG_WARN_EMPTY_BODY = YES;
				CLANG_WARN_ENUM_CONVERSION = YES;
				CLANG_WARN_INFINITE_RECURSION = YES;
				CLANG_WARN_INT_CONVERSION = YES;
				CLANG_WARN_NON_LITERAL_NULL_CONVERSION = YES;
				CLANG_WARN_OBJC_LITERAL_CONVERSION = YES;
				CLANG_WARN_OBJC_ROOT_CLASS = YES_ERROR;
				CLANG_WARN_RANGE_LOOP_ANALYSIS = YES;
				CLANG_WARN_STRICT_PROTOTYPES = YES;
				CLANG_WARN_SUSPICIOUS_MOVE = YES;
				CLANG_WARN_UNGUARDED_AVAILABILITY = YES_AGGRESSIVE;
				CLANG_WARN_UNREACHABLE_CODE = YES;
				CLANG_WARN__DUPLICATE_METHOD_MATCH = YES;
				CODE_SIGN_IDENTITY = "-";
				COPY_PHASE_STRIP = NO;
				DEBUG_INFORMATION_FORMAT = dwarf;
				ENABLE_STRICT_OBJC_MSGSEND = YES;
				ENABLE_TESTABILITY = YES;
				GCC_C_LANGUAGE_STANDARD = gnu11;
				GCC_DYNAMIC_NO_PIC = NO;
				GCC_NO_COMMON_BLOCKS = YES;
				GCC_OPTIMIZATION_LEVEL = 0;
				GCC_PREPROCESSOR_DEFINITIONS = (
					"DEBUG=1",
					"$(inherited)",
				);
				GCC_WARN_64_TO_32_BIT_CONVERSION = YES;
				GCC_WARN_ABOUT_RETURN_TYPE = YES_ERROR;
				GCC_WARN_UNDECLARED_SELECTOR = YES;
				GCC_WARN_UNINITIALIZED_AUTOS = YES_AGGRESSIVE;
				GCC_WARN_UNUSED_FUNCTION = YES;
				GCC_WARN_UNUSED_VARIABLE = YES;
				MACOSX_DEPLOYMENT_TARGET = 10.12;
				MTL_ENABLE_DEBUG_INFO = YES;
				ONLY_ACTIVE_ARCH = YES;
				SDKROOT = macosx;
				SWIFT_ACTIVE_COMPILATION_CONDITIONS = DEBUG;
				SWIFT_OPTIMIZATION_LEVEL = "-Onone";
			};
			name = Debug;
		};
		52AAF3C71F98854500172C27 /* Release */ = {
			isa = XCBuildConfiguration;
			buildSettings = {
				ALWAYS_SEARCH_USER_PATHS = NO;
				CLANG_ANALYZER_NONNULL = YES;
				CLANG_ANALYZER_NUMBER_OBJECT_CONVERSION = YES_AGGRESSIVE;
				CLANG_CXX_LANGUAGE_STANDARD = "gnu++14";
				CLANG_CXX_LIBRARY = "libc++";
				CLANG_ENABLE_MODULES = YES;
				CLANG_ENABLE_OBJC_ARC = YES;
				CLANG_WARN_BLOCK_CAPTURE_AUTORELEASING = YES;
				CLANG_WARN_BOOL_CONVERSION = YES;
				CLANG_WARN_COMMA = YES;
				CLANG_WARN_CONSTANT_CONVERSION = YES;
				CLANG_WARN_DIRECT_OBJC_ISA_USAGE = YES_ERROR;
				CLANG_WARN_DOCUMENTATION_COMMENTS = YES;
				CLANG_WARN_EMPTY_BODY = YES;
				CLANG_WARN_ENUM_CONVERSION = YES;
				CLANG_WARN_INFINITE_RECURSION = YES;
				CLANG_WARN_INT_CONVERSION = YES;
				CLANG_WARN_NON_LITERAL_NULL_CONVERSION = YES;
				CLANG_WARN_OBJC_LITERAL_CONVERSION = YES;
				CLANG_WARN_OBJC_ROOT_CLASS = YES_ERROR;
				CLANG_WARN_RANGE_LOOP_ANALYSIS = YES;
				CLANG_WARN_STRICT_PROTOTYPES = YES;
				CLANG_WARN_SUSPICIOUS_MOVE = YES;
				CLANG_WARN_UNGUARDED_AVAILABILITY = YES_AGGRESSIVE;
				CLANG_WARN_UNREACHABLE_CODE = YES;
				CLANG_WARN__DUPLICATE_METHOD_MATCH = YES;
				CODE_SIGN_IDENTITY = "-";
				COPY_PHASE_STRIP = NO;
				DEBUG_INFORMATION_FORMAT = "dwarf-with-dsym";
				ENABLE_NS_ASSERTIONS = NO;
				ENABLE_STRICT_OBJC_MSGSEND = YES;
				GCC_C_LANGUAGE_STANDARD = gnu11;
				GCC_NO_COMMON_BLOCKS = YES;
				GCC_WARN_64_TO_32_BIT_CONVERSION = YES;
				GCC_WARN_ABOUT_RETURN_TYPE = YES_ERROR;
				GCC_WARN_UNDECLARED_SELECTOR = YES;
				GCC_WARN_UNINITIALIZED_AUTOS = YES_AGGRESSIVE;
				GCC_WARN_UNUSED_FUNCTION = YES;
				GCC_WARN_UNUSED_VARIABLE = YES;
				MACOSX_DEPLOYMENT_TARGET = 10.12;
				MTL_ENABLE_DEBUG_INFO = NO;
				SDKROOT = macosx;
				SWIFT_OPTIMIZATION_LEVEL = "-Owholemodule";
			};
			name = Release;
		};
		52AAF3C91F98854500172C27 /* Debug */ = {
			isa = XCBuildConfiguration;
			baseConfigurationReference = D892FF3ED03BE64E041B740B /* Pods-TomChat.debug.xcconfig */;
			buildSettings = {
				ASSETCATALOG_COMPILER_APPICON_NAME = AppIcon;
				CODE_SIGN_ENTITLEMENTS = TomChat/TomChat.entitlements;
				CODE_SIGN_STYLE = Automatic;
				COMBINE_HIDPI_IMAGES = YES;
				INFOPLIST_FILE = TomChat/Info.plist;
				LD_RUNPATH_SEARCH_PATHS = "$(inherited) @executable_path/../Frameworks";
				PRODUCT_BUNDLE_IDENTIFIER = com.siliconspectra.TomChat;
				PRODUCT_NAME = "$(TARGET_NAME)";
				SWIFT_VERSION = 4.0;
			};
			name = Debug;
		};
		52AAF3CA1F98854500172C27 /* Release */ = {
			isa = XCBuildConfiguration;
			baseConfigurationReference = D023F7EC4BFD9F04584E0729 /* Pods-TomChat.release.xcconfig */;
			buildSettings = {
				ASSETCATALOG_COMPILER_APPICON_NAME = AppIcon;
				CODE_SIGN_ENTITLEMENTS = TomChat/TomChat.entitlements;
				CODE_SIGN_STYLE = Automatic;
				COMBINE_HIDPI_IMAGES = YES;
				INFOPLIST_FILE = TomChat/Info.plist;
				LD_RUNPATH_SEARCH_PATHS = "$(inherited) @executable_path/../Frameworks";
				PRODUCT_BUNDLE_IDENTIFIER = com.siliconspectra.TomChat;
				PRODUCT_NAME = "$(TARGET_NAME)";
				SWIFT_VERSION = 4.0;
			};
			name = Release;
		};
/* End XCBuildConfiguration section */

/* Begin XCConfigurationList section */
		52AAF3B31F98854500172C27 /* Build configuration list for PBXProject "TomChat" */ = {
			isa = XCConfigurationList;
			buildConfigurations = (
				52AAF3C61F98854500172C27 /* Debug */,
				52AAF3C71F98854500172C27 /* Release */,
			);
			defaultConfigurationIsVisible = 0;
			defaultConfigurationName = Release;
		};
		52AAF3C81F98854500172C27 /* Build configuration list for PBXNativeTarget "TomChat" */ = {
			isa = XCConfigurationList;
			buildConfigurations = (
				52AAF3C91F98854500172C27 /* Debug */,
				52AAF3CA1F98854500172C27 /* Release */,
			);
			defaultConfigurationIsVisible = 0;
			defaultConfigurationName = Release;
		};
/* End XCConfigurationList section */
	};
	rootObject = 52AAF3B01F98854500172C27 /* Project object */;
}
