// !$*UTF8*$!
{
	archiveVersion = 1;
	classes = {
	};
	objectVersion = 48;
	objects = {

/* Begin PBXBuildFile section */
		0430655B1FEC781300530875 /* SignUpVC.swift in Sources */ = {isa = PBXBuildFile; fileRef = 0430655A1FEC781300530875 /* SignUpVC.swift */; };
		04A9FE7C1F9A6F91007E64D8 /* AppDelegate.swift in Sources */ = {isa = PBXBuildFile; fileRef = 04A9FE7B1F9A6F91007E64D8 /* AppDelegate.swift */; };
		04A9FE811F9A6F91007E64D8 /* Main.storyboard in Resources */ = {isa = PBXBuildFile; fileRef = 04A9FE7F1F9A6F91007E64D8 /* Main.storyboard */; };
		04A9FE831F9A6F91007E64D8 /* Assets.xcassets in Resources */ = {isa = PBXBuildFile; fileRef = 04A9FE821F9A6F91007E64D8 /* Assets.xcassets */; };
		04A9FE861F9A6F91007E64D8 /* LaunchScreen.storyboard in Resources */ = {isa = PBXBuildFile; fileRef = 04A9FE841F9A6F91007E64D8 /* LaunchScreen.storyboard */; };
		04FD170D1FA3AC5200AF596F /* LoginViewController.swift in Sources */ = {isa = PBXBuildFile; fileRef = 04FD170C1FA3AC5200AF596F /* LoginViewController.swift */; };
		52727C2D1FBD258E00CD1BDA /* MessageDetailCell.swift in Sources */ = {isa = PBXBuildFile; fileRef = 52727C2C1FBD258E00CD1BDA /* MessageDetailCell.swift */; };
		52727C2F1FBD269400CD1BDA /* MessageDetail.swift in Sources */ = {isa = PBXBuildFile; fileRef = 52727C2E1FBD269400CD1BDA /* MessageDetail.swift */; };
		52727C311FBFAEBE00CD1BDA /* MessageVC.swift in Sources */ = {isa = PBXBuildFile; fileRef = 52727C301FBFAEBE00CD1BDA /* MessageVC.swift */; };
		52D382771FED95AF0045C643 /* ConversationsTVC.swift in Sources */ = {isa = PBXBuildFile; fileRef = 52D382761FED95AF0045C643 /* ConversationsTVC.swift */; };
		52D3827B1FED98640045C643 /* ChatsTBV.swift in Sources */ = {isa = PBXBuildFile; fileRef = 52D3827A1FED98640045C643 /* ChatsTBV.swift */; };
		52D7E6701FABFB4E003536DC /* Constants.swift in Sources */ = {isa = PBXBuildFile; fileRef = 52D7E66F1FABFB4E003536DC /* Constants.swift */; };
		52D7E6741FAC62CE003536DC /* DatabaseProvider.swift in Sources */ = {isa = PBXBuildFile; fileRef = 52D7E6731FAC62CE003536DC /* DatabaseProvider.swift */; };
		52D7E6761FB02228003536DC /* GoogleService-Info.plist in Resources */ = {isa = PBXBuildFile; fileRef = 52D7E6751FB02228003536DC /* GoogleService-Info.plist */; };
		52EF18091FCE0046002CFE30 /* ChatUI.swift in Sources */ = {isa = PBXBuildFile; fileRef = 52EF18081FCE0046002CFE30 /* ChatUI.swift */; };
		ABF149EF1CF737E34612B548 /* Pods_SpeactralChatProto.framework in Frameworks */ = {isa = PBXBuildFile; fileRef = F29B6DEFDD69D0E063C19A6B /* Pods_SpeactralChatProto.framework */; };
/* End PBXBuildFile section */

/* Begin PBXFileReference section */
		0430655A1FEC781300530875 /* SignUpVC.swift */ = {isa = PBXFileReference; lastKnownFileType = sourcecode.swift; path = SignUpVC.swift; sourceTree = "<group>"; };
		04A9FE781F9A6F91007E64D8 /* SpeactralChatProto.app */ = {isa = PBXFileReference; explicitFileType = wrapper.application; includeInIndex = 0; path = SpeactralChatProto.app; sourceTree = BUILT_PRODUCTS_DIR; };
		04A9FE7B1F9A6F91007E64D8 /* AppDelegate.swift */ = {isa = PBXFileReference; lastKnownFileType = sourcecode.swift; path = AppDelegate.swift; sourceTree = "<group>"; };
		04A9FE801F9A6F91007E64D8 /* Base */ = {isa = PBXFileReference; lastKnownFileType = file.storyboard; name = Base; path = Base.lproj/Main.storyboard; sourceTree = "<group>"; };
		04A9FE821F9A6F91007E64D8 /* Assets.xcassets */ = {isa = PBXFileReference; lastKnownFileType = folder.assetcatalog; path = Assets.xcassets; sourceTree = "<group>"; };
		04A9FE851F9A6F91007E64D8 /* Base */ = {isa = PBXFileReference; lastKnownFileType = file.storyboard; name = Base; path = Base.lproj/LaunchScreen.storyboard; sourceTree = "<group>"; };
		04A9FE871F9A6F91007E64D8 /* Info.plist */ = {isa = PBXFileReference; lastKnownFileType = text.plist.xml; path = Info.plist; sourceTree = "<group>"; };
		04FD170C1FA3AC5200AF596F /* LoginViewController.swift */ = {isa = PBXFileReference; lastKnownFileType = sourcecode.swift; path = LoginViewController.swift; sourceTree = "<group>"; };
		0AA8C3E08B96B50A453A9212 /* Pods-SpeactralChatProto.debug.xcconfig */ = {isa = PBXFileReference; includeInIndex = 1; lastKnownFileType = text.xcconfig; name = "Pods-SpeactralChatProto.debug.xcconfig"; path = "Pods/Target Support Files/Pods-SpeactralChatProto/Pods-SpeactralChatProto.debug.xcconfig"; sourceTree = "<group>"; };
		0CEB235FF7DA4F2695FBC944 /* Pods-SpeactralChatProto.release.xcconfig */ = {isa = PBXFileReference; includeInIndex = 1; lastKnownFileType = text.xcconfig; name = "Pods-SpeactralChatProto.release.xcconfig"; path = "Pods/Target Support Files/Pods-SpeactralChatProto/Pods-SpeactralChatProto.release.xcconfig"; sourceTree = "<group>"; };
		52727C2C1FBD258E00CD1BDA /* MessageDetailCell.swift */ = {isa = PBXFileReference; lastKnownFileType = sourcecode.swift; path = MessageDetailCell.swift; sourceTree = "<group>"; };
		52727C2E1FBD269400CD1BDA /* MessageDetail.swift */ = {isa = PBXFileReference; lastKnownFileType = sourcecode.swift; path = MessageDetail.swift; sourceTree = "<group>"; };
		52727C301FBFAEBE00CD1BDA /* MessageVC.swift */ = {isa = PBXFileReference; lastKnownFileType = sourcecode.swift; path = MessageVC.swift; sourceTree = "<group>"; };
		52D382761FED95AF0045C643 /* ConversationsTVC.swift */ = {isa = PBXFileReference; lastKnownFileType = sourcecode.swift; path = ConversationsTVC.swift; sourceTree = "<group>"; };
		52D3827A1FED98640045C643 /* ChatsTBV.swift */ = {isa = PBXFileReference; lastKnownFileType = sourcecode.swift; path = ChatsTBV.swift; sourceTree = "<group>"; };
		52D7E66E1FABF8E1003536DC /* Bridging-Header.h */ = {isa = PBXFileReference; lastKnownFileType = sourcecode.c.h; path = "Bridging-Header.h"; sourceTree = "<group>"; };
		52D7E66F1FABFB4E003536DC /* Constants.swift */ = {isa = PBXFileReference; lastKnownFileType = sourcecode.swift; path = Constants.swift; sourceTree = "<group>"; };
		52D7E6731FAC62CE003536DC /* DatabaseProvider.swift */ = {isa = PBXFileReference; lastKnownFileType = sourcecode.swift; path = DatabaseProvider.swift; sourceTree = "<group>"; };
		52D7E6751FB02228003536DC /* GoogleService-Info.plist */ = {isa = PBXFileReference; fileEncoding = 4; lastKnownFileType = text.plist.xml; name = "GoogleService-Info.plist"; path = "../../../../Downloads/GoogleService-Info.plist"; sourceTree = "<group>"; };
		52EF18081FCE0046002CFE30 /* ChatUI.swift */ = {isa = PBXFileReference; lastKnownFileType = sourcecode.swift; path = ChatUI.swift; sourceTree = "<group>"; };
		52F11CF31FA0044700C3936E /* en */ = {isa = PBXFileReference; lastKnownFileType = text.plist.strings; name = en; path = en.lproj/Main.strings; sourceTree = "<group>"; };
		F29B6DEFDD69D0E063C19A6B /* Pods_SpeactralChatProto.framework */ = {isa = PBXFileReference; explicitFileType = wrapper.framework; includeInIndex = 0; path = Pods_SpeactralChatProto.framework; sourceTree = BUILT_PRODUCTS_DIR; };
/* End PBXFileReference section */

/* Begin PBXFrameworksBuildPhase section */
		04A9FE751F9A6F91007E64D8 /* Frameworks */ = {
			isa = PBXFrameworksBuildPhase;
			buildActionMask = 2147483647;
			files = (
				ABF149EF1CF737E34612B548 /* Pods_SpeactralChatProto.framework in Frameworks */,
			);
			runOnlyForDeploymentPostprocessing = 0;
		};
/* End PBXFrameworksBuildPhase section */

/* Begin PBXGroup section */
		043065571FEC773B00530875 /* Model */ = {
			isa = PBXGroup;
			children = (
			);
			path = Model;
			sourceTree = "<group>";
		};
		043065581FEC774100530875 /* View */ = {
			isa = PBXGroup;
			children = (
			);
			path = View;
			sourceTree = "<group>";
		};
		043065591FEC774600530875 /* Controller */ = {
			isa = PBXGroup;
			children = (
				0430655A1FEC781300530875 /* SignUpVC.swift */,
				52D382761FED95AF0045C643 /* ConversationsTVC.swift */,
				52D3827A1FED98640045C643 /* ChatsTBV.swift */,
			);
			path = Controller;
			sourceTree = "<group>";
		};
		04A9FE6F1F9A6F90007E64D8 = {
			isa = PBXGroup;
			children = (
				52D7E66E1FABF8E1003536DC /* Bridging-Header.h */,
				04A9FE7A1F9A6F91007E64D8 /* SpeactralChatProto */,
				04A9FE791F9A6F91007E64D8 /* Products */,
				8823262870CD6D6A1AE8B5D4 /* Pods */,
				F83DE14392E8D460A97CE6BD /* Frameworks */,
			);
			sourceTree = "<group>";
		};
		04A9FE791F9A6F91007E64D8 /* Products */ = {
			isa = PBXGroup;
			children = (
				04A9FE781F9A6F91007E64D8 /* SpeactralChatProto.app */,
			);
			name = Products;
			sourceTree = "<group>";
		};
		04A9FE7A1F9A6F91007E64D8 /* SpeactralChatProto */ = {
			isa = PBXGroup;
			children = (
				043065571FEC773B00530875 /* Model */,
				043065581FEC774100530875 /* View */,
				043065591FEC774600530875 /* Controller */,
				04A9FE821F9A6F91007E64D8 /* Assets.xcassets */,
				04A9FE7F1F9A6F91007E64D8 /* Main.storyboard */,
				52727C301FBFAEBE00CD1BDA /* MessageVC.swift */,
				04A9FE7B1F9A6F91007E64D8 /* AppDelegate.swift */,
				04A9FE841F9A6F91007E64D8 /* LaunchScreen.storyboard */,
				04A9FE871F9A6F91007E64D8 /* Info.plist */,
				04FD170C1FA3AC5200AF596F /* LoginViewController.swift */,
				52D7E66F1FABFB4E003536DC /* Constants.swift */,
				52D7E6751FB02228003536DC /* GoogleService-Info.plist */,
				52D7E6731FAC62CE003536DC /* DatabaseProvider.swift */,
				52727C2C1FBD258E00CD1BDA /* MessageDetailCell.swift */,
				52727C2E1FBD269400CD1BDA /* MessageDetail.swift */,
				52EF18081FCE0046002CFE30 /* ChatUI.swift */,
			);
			path = SpeactralChatProto;
			sourceTree = "<group>";
		};
		8823262870CD6D6A1AE8B5D4 /* Pods */ = {
			isa = PBXGroup;
			children = (
				0AA8C3E08B96B50A453A9212 /* Pods-SpeactralChatProto.debug.xcconfig */,
				0CEB235FF7DA4F2695FBC944 /* Pods-SpeactralChatProto.release.xcconfig */,
			);
			name = Pods;
			sourceTree = "<group>";
		};
		F83DE14392E8D460A97CE6BD /* Frameworks */ = {
			isa = PBXGroup;
			children = (
				F29B6DEFDD69D0E063C19A6B /* Pods_SpeactralChatProto.framework */,
			);
			name = Frameworks;
			sourceTree = "<group>";
		};
/* End PBXGroup section */

/* Begin PBXNativeTarget section */
		04A9FE771F9A6F91007E64D8 /* SpeactralChatProto */ = {
			isa = PBXNativeTarget;
			buildConfigurationList = 04A9FE8A1F9A6F91007E64D8 /* Build configuration list for PBXNativeTarget "SpeactralChatProto" */;
			buildPhases = (
				26F559181BD4EDA1C223AAF7 /* [CP] Check Pods Manifest.lock */,
				04A9FE741F9A6F91007E64D8 /* Sources */,
				04A9FE751F9A6F91007E64D8 /* Frameworks */,
				04A9FE761F9A6F91007E64D8 /* Resources */,
				DA71B6C123E630B4E3865352 /* [CP] Embed Pods Frameworks */,
				39B39CAF544C0056A3B21BAB /* [CP] Copy Pods Resources */,
			);
			buildRules = (
			);
			dependencies = (
			);
			name = SpeactralChatProto;
			productName = SpeactralChatProto;
			productReference = 04A9FE781F9A6F91007E64D8 /* SpeactralChatProto.app */;
			productType = "com.apple.product-type.application";
		};
/* End PBXNativeTarget section */

/* Begin PBXProject section */
		04A9FE701F9A6F91007E64D8 /* Project object */ = {
			isa = PBXProject;
			attributes = {
				KnownAssetTags = (
					Username,
				);
				LastSwiftUpdateCheck = 0900;
				LastUpgradeCheck = 0900;
				ORGANIZATIONNAME = "Nikita Voloshenko";
				TargetAttributes = {
					04A9FE771F9A6F91007E64D8 = {
						CreatedOnToolsVersion = 9.0.1;
						ProvisioningStyle = Automatic;
					};
				};
			};
			buildConfigurationList = 04A9FE731F9A6F91007E64D8 /* Build configuration list for PBXProject "SpeactralChatProto" */;
			compatibilityVersion = "Xcode 8.0";
			developmentRegion = en;
			hasScannedForEncodings = 0;
			knownRegions = (
				en,
				Base,
			);
			mainGroup = 04A9FE6F1F9A6F90007E64D8;
			productRefGroup = 04A9FE791F9A6F91007E64D8 /* Products */;
			projectDirPath = "";
			projectRoot = "";
			targets = (
				04A9FE771F9A6F91007E64D8 /* SpeactralChatProto */,
			);
		};
/* End PBXProject section */

/* Begin PBXResourcesBuildPhase section */
		04A9FE761F9A6F91007E64D8 /* Resources */ = {
			isa = PBXResourcesBuildPhase;
			buildActionMask = 2147483647;
			files = (
				04A9FE861F9A6F91007E64D8 /* LaunchScreen.storyboard in Resources */,
				52D7E6761FB02228003536DC /* GoogleService-Info.plist in Resources */,
				04A9FE831F9A6F91007E64D8 /* Assets.xcassets in Resources */,
				04A9FE811F9A6F91007E64D8 /* Main.storyboard in Resources */,
			);
			runOnlyForDeploymentPostprocessing = 0;
		};
/* End PBXResourcesBuildPhase section */

/* Begin PBXShellScriptBuildPhase section */
		26F559181BD4EDA1C223AAF7 /* [CP] Check Pods Manifest.lock */ = {
			isa = PBXShellScriptBuildPhase;
			buildActionMask = 2147483647;
			files = (
			);
			inputPaths = (
				"${PODS_PODFILE_DIR_PATH}/Podfile.lock",
				"${PODS_ROOT}/Manifest.lock",
			);
			name = "[CP] Check Pods Manifest.lock";
			outputPaths = (
				"$(DERIVED_FILE_DIR)/Pods-SpeactralChatProto-checkManifestLockResult.txt",
			);
			runOnlyForDeploymentPostprocessing = 0;
			shellPath = /bin/sh;
			shellScript = "diff \"${PODS_PODFILE_DIR_PATH}/Podfile.lock\" \"${PODS_ROOT}/Manifest.lock\" > /dev/null\nif [ $? != 0 ] ; then\n    # print error to STDERR\n    echo \"error: The sandbox is not in sync with the Podfile.lock. Run 'pod install' or update your CocoaPods installation.\" >&2\n    exit 1\nfi\n# This output is used by Xcode 'outputs' to avoid re-running this script phase.\necho \"SUCCESS\" > \"${SCRIPT_OUTPUT_FILE_0}\"\n";
			showEnvVarsInLog = 0;
		};
		39B39CAF544C0056A3B21BAB /* [CP] Copy Pods Resources */ = {
			isa = PBXShellScriptBuildPhase;
			buildActionMask = 2147483647;
			files = (
			);
			inputPaths = (
			);
			name = "[CP] Copy Pods Resources";
			outputPaths = (
			);
			runOnlyForDeploymentPostprocessing = 0;
			shellPath = /bin/sh;
			shellScript = "\"${SRCROOT}/Pods/Target Support Files/Pods-SpeactralChatProto/Pods-SpeactralChatProto-resources.sh\"\n";
			showEnvVarsInLog = 0;
		};
		DA71B6C123E630B4E3865352 /* [CP] Embed Pods Frameworks */ = {
			isa = PBXShellScriptBuildPhase;
			buildActionMask = 2147483647;
			files = (
			);
			inputPaths = (
				"${SRCROOT}/Pods/Target Support Files/Pods-SpeactralChatProto/Pods-SpeactralChatProto-frameworks.sh",
				"${BUILT_PRODUCTS_DIR}/GTMSessionFetcher/GTMSessionFetcher.framework",
				"${BUILT_PRODUCTS_DIR}/GoogleToolboxForMac/GoogleToolboxForMac.framework",
				"${BUILT_PRODUCTS_DIR}/JSQMessagesViewController/JSQMessagesViewController.framework",
				"${BUILT_PRODUCTS_DIR}/JSQSystemSoundPlayer/JSQSystemSoundPlayer.framework",
				"${BUILT_PRODUCTS_DIR}/NMPopUpViewSwift/NMPopUpViewSwift.framework",
				"${BUILT_PRODUCTS_DIR}/Protobuf/Protobuf.framework",
				"${BUILT_PRODUCTS_DIR}/SDWebImage/SDWebImage.framework",
				"${BUILT_PRODUCTS_DIR}/SDWebImage-ProgressView/SDWebImage_ProgressView.framework",
				"${BUILT_PRODUCTS_DIR}/SwiftKeychainWrapper/SwiftKeychainWrapper.framework",
				"${BUILT_PRODUCTS_DIR}/leveldb-library/leveldb.framework",
				"${BUILT_PRODUCTS_DIR}/nanopb/nanopb.framework",
			);
			name = "[CP] Embed Pods Frameworks";
			outputPaths = (
				"${TARGET_BUILD_DIR}/${FRAMEWORKS_FOLDER_PATH}/GTMSessionFetcher.framework",
				"${TARGET_BUILD_DIR}/${FRAMEWORKS_FOLDER_PATH}/GoogleToolboxForMac.framework",
				"${TARGET_BUILD_DIR}/${FRAMEWORKS_FOLDER_PATH}/JSQMessagesViewController.framework",
				"${TARGET_BUILD_DIR}/${FRAMEWORKS_FOLDER_PATH}/JSQSystemSoundPlayer.framework",
				"${TARGET_BUILD_DIR}/${FRAMEWORKS_FOLDER_PATH}/NMPopUpViewSwift.framework",
				"${TARGET_BUILD_DIR}/${FRAMEWORKS_FOLDER_PATH}/Protobuf.framework",
				"${TARGET_BUILD_DIR}/${FRAMEWORKS_FOLDER_PATH}/SDWebImage.framework",
				"${TARGET_BUILD_DIR}/${FRAMEWORKS_FOLDER_PATH}/SDWebImage_ProgressView.framework",
				"${TARGET_BUILD_DIR}/${FRAMEWORKS_FOLDER_PATH}/SwiftKeychainWrapper.framework",
				"${TARGET_BUILD_DIR}/${FRAMEWORKS_FOLDER_PATH}/leveldb.framework",
				"${TARGET_BUILD_DIR}/${FRAMEWORKS_FOLDER_PATH}/nanopb.framework",
			);
			runOnlyForDeploymentPostprocessing = 0;
			shellPath = /bin/sh;
			shellScript = "\"${SRCROOT}/Pods/Target Support Files/Pods-SpeactralChatProto/Pods-SpeactralChatProto-frameworks.sh\"\n";
			showEnvVarsInLog = 0;
		};
/* End PBXShellScriptBuildPhase section */

/* Begin PBXSourcesBuildPhase section */
		04A9FE741F9A6F91007E64D8 /* Sources */ = {
			isa = PBXSourcesBuildPhase;
			buildActionMask = 2147483647;
			files = (
				52D382771FED95AF0045C643 /* ConversationsTVC.swift in Sources */,
				52EF18091FCE0046002CFE30 /* ChatUI.swift in Sources */,
				52727C311FBFAEBE00CD1BDA /* MessageVC.swift in Sources */,
				52D3827B1FED98640045C643 /* ChatsTBV.swift in Sources */,
				04FD170D1FA3AC5200AF596F /* LoginViewController.swift in Sources */,
				04A9FE7C1F9A6F91007E64D8 /* AppDelegate.swift in Sources */,
				52D7E6741FAC62CE003536DC /* DatabaseProvider.swift in Sources */,
				52727C2D1FBD258E00CD1BDA /* MessageDetailCell.swift in Sources */,
				52D7E6701FABFB4E003536DC /* Constants.swift in Sources */,
				0430655B1FEC781300530875 /* SignUpVC.swift in Sources */,
				52727C2F1FBD269400CD1BDA /* MessageDetail.swift in Sources */,
			);
			runOnlyForDeploymentPostprocessing = 0;
		};
/* End PBXSourcesBuildPhase section */

/* Begin PBXVariantGroup section */
		04A9FE7F1F9A6F91007E64D8 /* Main.storyboard */ = {
			isa = PBXVariantGroup;
			children = (
				04A9FE801F9A6F91007E64D8 /* Base */,
				52F11CF31FA0044700C3936E /* en */,
			);
			name = Main.storyboard;
			sourceTree = "<group>";
		};
		04A9FE841F9A6F91007E64D8 /* LaunchScreen.storyboard */ = {
			isa = PBXVariantGroup;
			children = (
				04A9FE851F9A6F91007E64D8 /* Base */,
			);
			name = LaunchScreen.storyboard;
			sourceTree = "<group>";
		};
/* End PBXVariantGroup section */

/* Begin XCBuildConfiguration section */
		04A9FE881F9A6F91007E64D8 /* Debug */ = {
			isa = XCBuildConfiguration;
			buildSettings = {
				ALWAYS_SEARCH_USER_PATHS = NO;
				CLANG_ANALYZER_NONNULL = YES;
				CLANG_ANALYZER_NUMBER_OBJECT_CONVERSION = YES_AGGRESSIVE;
				CLANG_CXX_LANGUAGE_STANDARD = "gnu++14";
				CLANG_CXX_LIBRARY = "libc++";
				CLANG_ENABLE_MODULES = YES;
				CLANG_ENABLE_OBJC_ARC = YES;
				CLANG_WARN_BLOCK_CAPTURE_AUTORELEASING = YES;
				CLANG_WARN_BOOL_CONVERSION = YES;
				CLANG_WARN_COMMA = YES;
				CLANG_WARN_CONSTANT_CONVERSION = YES;
				CLANG_WARN_DIRECT_OBJC_ISA_USAGE = YES_ERROR;
				CLANG_WARN_DOCUMENTATION_COMMENTS = YES;
				CLANG_WARN_EMPTY_BODY = YES;
				CLANG_WARN_ENUM_CONVERSION = YES;
				CLANG_WARN_INFINITE_RECURSION = YES;
				CLANG_WARN_INT_CONVERSION = YES;
				CLANG_WARN_NON_LITERAL_NULL_CONVERSION = YES;
				CLANG_WARN_OBJC_LITERAL_CONVERSION = YES;
				CLANG_WARN_OBJC_ROOT_CLASS = YES_ERROR;
				CLANG_WARN_RANGE_LOOP_ANALYSIS = YES;
				CLANG_WARN_STRICT_PROTOTYPES = YES;
				CLANG_WARN_SUSPICIOUS_MOVE = YES;
				CLANG_WARN_UNGUARDED_AVAILABILITY = YES_AGGRESSIVE;
				CLANG_WARN_UNREACHABLE_CODE = YES;
				CLANG_WARN__DUPLICATE_METHOD_MATCH = YES;
				CODE_SIGN_IDENTITY = "iPhone Developer";
				COPY_PHASE_STRIP = NO;
				DEBUG_INFORMATION_FORMAT = dwarf;
				ENABLE_STRICT_OBJC_MSGSEND = YES;
				ENABLE_TESTABILITY = YES;
				GCC_C_LANGUAGE_STANDARD = gnu11;
				GCC_DYNAMIC_NO_PIC = NO;
				GCC_NO_COMMON_BLOCKS = YES;
				GCC_OPTIMIZATION_LEVEL = 0;
				GCC_PREPROCESSOR_DEFINITIONS = (
					"DEBUG=1",
					"$(inherited)",
				);
				GCC_WARN_64_TO_32_BIT_CONVERSION = YES;
				GCC_WARN_ABOUT_RETURN_TYPE = YES_ERROR;
				GCC_WARN_UNDECLARED_SELECTOR = YES;
				GCC_WARN_UNINITIALIZED_AUTOS = YES_AGGRESSIVE;
				GCC_WARN_UNUSED_FUNCTION = YES;
				GCC_WARN_UNUSED_VARIABLE = YES;
				IPHONEOS_DEPLOYMENT_TARGET = 11.0;
				MTL_ENABLE_DEBUG_INFO = YES;
				ONLY_ACTIVE_ARCH = YES;
				SDKROOT = iphoneos;
				SWIFT_ACTIVE_COMPILATION_CONDITIONS = DEBUG;
				SWIFT_OPTIMIZATION_LEVEL = "-Onone";
			};
			name = Debug;
		};
		04A9FE891F9A6F91007E64D8 /* Release */ = {
			isa = XCBuildConfiguration;
			buildSettings = {
				ALWAYS_SEARCH_USER_PATHS = NO;
				CLANG_ANALYZER_NONNULL = YES;
				CLANG_ANALYZER_NUMBER_OBJECT_CONVERSION = YES_AGGRESSIVE;
				CLANG_CXX_LANGUAGE_STANDARD = "gnu++14";
				CLANG_CXX_LIBRARY = "libc++";
				CLANG_ENABLE_MODULES = YES;
				CLANG_ENABLE_OBJC_ARC = YES;
				CLANG_WARN_BLOCK_CAPTURE_AUTORELEASING = YES;
				CLANG_WARN_BOOL_CONVERSION = YES;
				CLANG_WARN_COMMA = YES;
				CLANG_WARN_CONSTANT_CONVERSION = YES;
				CLANG_WARN_DIRECT_OBJC_ISA_USAGE = YES_ERROR;
				CLANG_WARN_DOCUMENTATION_COMMENTS = YES;
				CLANG_WARN_EMPTY_BODY = YES;
				CLANG_WARN_ENUM_CONVERSION = YES;
				CLANG_WARN_INFINITE_RECURSION = YES;
				CLANG_WARN_INT_CONVERSION = YES;
				CLANG_WARN_NON_LITERAL_NULL_CONVERSION = YES;
				CLANG_WARN_OBJC_LITERAL_CONVERSION = YES;
				CLANG_WARN_OBJC_ROOT_CLASS = YES_ERROR;
				CLANG_WARN_RANGE_LOOP_ANALYSIS = YES;
				CLANG_WARN_STRICT_PROTOTYPES = YES;
				CLANG_WARN_SUSPICIOUS_MOVE = YES;
				CLANG_WARN_UNGUARDED_AVAILABILITY = YES_AGGRESSIVE;
				CLANG_WARN_UNREACHABLE_CODE = YES;
				CLANG_WARN__DUPLICATE_METHOD_MATCH = YES;
				CODE_SIGN_IDENTITY = "iPhone Developer";
				COPY_PHASE_STRIP = NO;
				DEBUG_INFORMATION_FORMAT = "dwarf-with-dsym";
				ENABLE_NS_ASSERTIONS = NO;
				ENABLE_STRICT_OBJC_MSGSEND = YES;
				GCC_C_LANGUAGE_STANDARD = gnu11;
				GCC_NO_COMMON_BLOCKS = YES;
				GCC_WARN_64_TO_32_BIT_CONVERSION = YES;
				GCC_WARN_ABOUT_RETURN_TYPE = YES_ERROR;
				GCC_WARN_UNDECLARED_SELECTOR = YES;
				GCC_WARN_UNINITIALIZED_AUTOS = YES_AGGRESSIVE;
				GCC_WARN_UNUSED_FUNCTION = YES;
				GCC_WARN_UNUSED_VARIABLE = YES;
				IPHONEOS_DEPLOYMENT_TARGET = 11.0;
				MTL_ENABLE_DEBUG_INFO = NO;
				SDKROOT = iphoneos;
				SWIFT_OPTIMIZATION_LEVEL = "-Owholemodule";
				VALIDATE_PRODUCT = YES;
			};
			name = Release;
		};
		04A9FE8B1F9A6F91007E64D8 /* Debug */ = {
			isa = XCBuildConfiguration;
			baseConfigurationReference = 0AA8C3E08B96B50A453A9212 /* Pods-SpeactralChatProto.debug.xcconfig */;
			buildSettings = {
				ASSETCATALOG_COMPILER_APPICON_NAME = AppIcon;
				CODE_SIGN_STYLE = Automatic;
				DEVELOPMENT_TEAM = 5YWXH4F4SW;
				INFOPLIST_FILE = SpeactralChatProto/Info.plist;
				IPHONEOS_DEPLOYMENT_TARGET = 10.0;
				LD_RUNPATH_SEARCH_PATHS = "$(inherited) @executable_path/Frameworks";
				PRODUCT_BUNDLE_IDENTIFIER = SpeactralChatProto;
				PRODUCT_NAME = "$(TARGET_NAME)";
				SWIFT_OBJC_BRIDGING_HEADER = "Bridging-Header.h";
				SWIFT_VERSION = 4.0;
				TARGETED_DEVICE_FAMILY = "1,2";
			};
			name = Debug;
		};
		04A9FE8C1F9A6F91007E64D8 /* Release */ = {
			isa = XCBuildConfiguration;
			baseConfigurationReference = 0CEB235FF7DA4F2695FBC944 /* Pods-SpeactralChatProto.release.xcconfig */;
			buildSettings = {
				ASSETCATALOG_COMPILER_APPICON_NAME = AppIcon;
				CODE_SIGN_STYLE = Automatic;
				DEVELOPMENT_TEAM = 5YWXH4F4SW;
				INFOPLIST_FILE = SpeactralChatProto/Info.plist;
				IPHONEOS_DEPLOYMENT_TARGET = 10.0;
				LD_RUNPATH_SEARCH_PATHS = "$(inherited) @executable_path/Frameworks";
				PRODUCT_BUNDLE_IDENTIFIER = SpeactralChatProto;
				PRODUCT_NAME = "$(TARGET_NAME)";
				SWIFT_OBJC_BRIDGING_HEADER = "Bridging-Header.h";
				SWIFT_VERSION = 4.0;
				TARGETED_DEVICE_FAMILY = "1,2";
			};
			name = Release;
		};
/* End XCBuildConfiguration section */

/* Begin XCConfigurationList section */
		04A9FE731F9A6F91007E64D8 /* Build configuration list for PBXProject "SpeactralChatProto" */ = {
			isa = XCConfigurationList;
			buildConfigurations = (
				04A9FE881F9A6F91007E64D8 /* Debug */,
				04A9FE891F9A6F91007E64D8 /* Release */,
			);
			defaultConfigurationIsVisible = 0;
			defaultConfigurationName = Release;
		};
		04A9FE8A1F9A6F91007E64D8 /* Build configuration list for PBXNativeTarget "SpeactralChatProto" */ = {
			isa = XCConfigurationList;
			buildConfigurations = (
				04A9FE8B1F9A6F91007E64D8 /* Debug */,
				04A9FE8C1F9A6F91007E64D8 /* Release */,
			);
			defaultConfigurationIsVisible = 0;
			defaultConfigurationName = Release;
		};
/* End XCConfigurationList section */
	};
	rootObject = 04A9FE701F9A6F91007E64D8 /* Project object */;
}
